
Microsoft Visual Studio Solution File, Format Version 12.00
# Visual Studio Version 17
VisualStudioVersion = 17.14.37531.7 d17.14
MinimumVisualStudioVersion = 10.0.40219.1
Project("{FAE04EC0-301F-11D3-BF4B-00C04F79EFBC}") = "employee", "employee\employee.csproj", "{440677BF-B401-40F6-A87E-8AC1D881AAD3}"
EndProject
Project("{54435603-DBB4-11D2-8724-00A0C9A8B90C}") = "final setup program employee is ready", "final setup program employee is ready\final setup program employee is ready.vdproj", "{6EFF06EB-2087-47B4-AC8A-B0457CD5BFF0}"
EndProject
Global
	GlobalSection(SolutionConfigurationPlatforms) = preSolution
		Debug|Any CPU = Debug|Any CPU
		Release|Any CPU = Release|Any CPU
	EndGlobalSection
	GlobalSection(ProjectConfigurationPlatforms) = postSolution
		{440677BF-B401-40F6-A87E-8AC1D881AAD3}.Debug|Any CPU.ActiveCfg = Debug|Any CPU
		{440677BF-B401-40F6-A87E-8AC1D881AAD3}.Debug|Any CPU.Build.0 = Debug|Any CPU
		{440677BF-B401-40F6-A87E-8AC1D881AAD3}.Release|Any CPU.ActiveCfg = Release|Any CPU
		{440677BF-B401-40F6-A87E-8AC1D881AAD3}.Release|Any CPU.Build.0 = Release|Any CPU
		{6EFF06EB-2087-47B4-AC8A-B0457CD5BFF0}.Debug|Any CPU.ActiveCfg = Debug
		{6EFF06EB-2087-47B4-AC8A-B0457CD5BFF0}.Release|Any CPU.ActiveCfg = Release
	EndGlobalSection
	GlobalSection(SolutionProperties) = preSolution
		HideSolutionNode = FALSE
	EndGlobalSection
	GlobalSection(ExtensibilityGlobals) = postSolution
		SolutionGuid = {FC1FD0F7-8BCF-4895-B7CA-CF84FBB1EF7F}
	EndGlobalSection
EndGlobal
